
Microsoft Visual Studio Solution File, Format Version 12.00
# Visual Studio Version 17
VisualStudioVersion = 17.4.33110.190
MinimumVisualStudioVersion = 10.0.40219.1
Project("{9A19103F-16F7-4668-BE54-9A1E7A4F7556}") = "XAT.Plugin", "XAT.Plugin\XAT.Plugin.csproj", "{AD25EC2E-8C11-4A0F-BDA9-62F39C1E0D95}"
EndProject
Global
	GlobalSection(SolutionConfigurationPlatforms) = preSolution
		Debug|x64 = Debug|x64
		Release|x64 = Release|x64
	EndGlobalSection
	GlobalSection(ProjectConfigurationPlatforms) = postSolution
		{AD25EC2E-8C11-4A0F-BDA9-62F39C1E0D95}.Debug|x64.ActiveCfg = Debug|x64
		{AD25EC2E-8C11-4A0F-BDA9-62F39C1E0D95}.Debug|x64.Build.0 = Debug|x64
		{AD25EC2E-8C11-4A0F-BDA9-62F39C1E0D95}.Release|x64.ActiveCfg = Release|x64
		{AD25EC2E-8C11-4A0F-BDA9-62F39C1E0D95}.Release|x64.Build.0 = Release|x64
	EndGlobalSection
	GlobalSection(SolutionProperties) = preSolution
		HideSolutionNode = FALSE
	EndGlobalSection
	GlobalSection(ExtensibilityGlobals) = postSolution
		SolutionGuid = {60B70E0C-F22A-4547-8E00-E2DB720C4102}
	EndGlobalSection
EndGlobal
